
Microsoft Visual Studio Solution File, Format Version 12.00
# Visual Studio Version 16
VisualStudioVersion = 16.0.29409.12
MinimumVisualStudioVersion = 10.0.40219.1
Project("{9A19103F-16F7-4668-BE54-9A1E7A4F7556}") = "CommandEngineTest", "CommandEngineTest\CommandEngineTest.csproj", "{0D26920C-A92D-49EC-9CAC-9664DA5F6BC9}"
EndProject
Project("{9A19103F-16F7-4668-BE54-9A1E7A4F7556}") = "CommandEngineTestConsole", "ConsoleEngineTestConsole\CommandEngineTestConsole.csproj", "{F8287DB9-EAF4-4793-8F68-4DDF6B7F2B63}"
EndProject
Project("{FAE04EC0-301F-11D3-BF4B-00C04F79EFBC}") = "CommandEngine", "CommandEngine\CommandEngine.csproj", "{F563AEA5-5801-47CA-8F97-EF771D0640B3}"
EndProject
Global
	GlobalSection(SolutionConfigurationPlatforms) = preSolution
		Debug|Any CPU = Debug|Any CPU
		Release|Any CPU = Release|Any CPU
	EndGlobalSection
	GlobalSection(ProjectConfigurationPlatforms) = postSolution
		{0D26920C-A92D-49EC-9CAC-9664DA5F6BC9}.Debug|Any CPU.ActiveCfg = Debug|Any CPU
		{0D26920C-A92D-49EC-9CAC-9664DA5F6BC9}.Debug|Any CPU.Build.0 = Debug|Any CPU
		{0D26920C-A92D-49EC-9CAC-9664DA5F6BC9}.Release|Any CPU.ActiveCfg = Release|Any CPU
		{0D26920C-A92D-49EC-9CAC-9664DA5F6BC9}.Release|Any CPU.Build.0 = Release|Any CPU
		{F8287DB9-EAF4-4793-8F68-4DDF6B7F2B63}.Debug|Any CPU.ActiveCfg = Debug|Any CPU
		{F8287DB9-EAF4-4793-8F68-4DDF6B7F2B63}.Debug|Any CPU.Build.0 = Debug|Any CPU
		{F8287DB9-EAF4-4793-8F68-4DDF6B7F2B63}.Release|Any CPU.ActiveCfg = Release|Any CPU
		{F8287DB9-EAF4-4793-8F68-4DDF6B7F2B63}.Release|Any CPU.Build.0 = Release|Any CPU
		{F563AEA5-5801-47CA-8F97-EF771D0640B3}.Debug|Any CPU.ActiveCfg = Debug|Any CPU
		{F563AEA5-5801-47CA-8F97-EF771D0640B3}.Debug|Any CPU.Build.0 = Debug|Any CPU
		{F563AEA5-5801-47CA-8F97-EF771D0640B3}.Release|Any CPU.ActiveCfg = Release|Any CPU
		{F563AEA5-5801-47CA-8F97-EF771D0640B3}.Release|Any CPU.Build.0 = Release|Any CPU
	EndGlobalSection
	GlobalSection(SolutionProperties) = preSolution
		HideSolutionNode = FALSE
	EndGlobalSection
	GlobalSection(ExtensibilityGlobals) = postSolution
		SolutionGuid = {878C108B-ECF3-4804-BB7F-602D2528BF81}
	EndGlobalSection
EndGlobal
